<?xml version="1.0" encoding="utf-8"?>
<Project ToolsVersion="4.0" xmlns="http://schemas.microsoft.com/developer/msbuild/2003">
  <ItemGroup>
    <Filter Include="Source Files">
      <UniqueIdentifier>{00dce6dc-9dde-49d1-b479-08bad15b0ac7}</UniqueIdentifier>
      <Extensions>.c;.cpp</Extensions>
    </Filter>
    <Filter Include="Header Files">
      <UniqueIdentifier>{fc66e681-21d0-4457-a4c9-a0bd5e47c84e}</UniqueIdentifier>
      <Extensions>.h</Extensions>
    </Filter>
    <Filter Include="Resource Files">
      <UniqueIdentifier>{0d774016-c8b8-4a21-958e-211354ae9329}</UniqueIdentifier>
      <Extensions>.rc;.mc;.mof</Extensions>
    </Filter>
  </ItemGroup>
  <ItemGroup>
    <ClCompile Include="init.c">
      <Filter>Source Files</Filter>
    </ClCompile>
    <ClCompile Include="hookidt.c">
      <Filter>Source Files</Filter>
    </ClCompile>
    <ClCompile Include="dump.c">
      <Filter>Source Files</Filter>
    </ClCompile>
    <ClCompile Include="hooksysenter.c">
      <Filter>Source Files</Filter>
    </ClCompile>
    <ClCompile Include="wrmem.c">
      <Filter>Source Files</Filter>
    </ClCompile>
    <ClCompile Include="exptable.c">
      <Filter>Source Files</Filter>
    </ClCompile>
  </ItemGroup>
  <ItemGroup>
    <None Include="sources" />
  </ItemGroup>
  <ItemGroup>
    <ClInclude Include="intel.h">
      <Filter>Header Files</Filter>
    </ClInclude>
    <ClInclude Include="ioctl.h">
      <Filter>Header Files</Filter>
    </ClInclude>
    <ClInclude Include="hookidt.h">
      <Filter>Header Files</Filter>
    </ClInclude>
    <ClInclude Include="dump.h">
      <Filter>Header Files</Filter>
    </ClInclude>
    <ClInclude Include="hooksysenter.h">
      <Filter>Header Files</Filter>
    </ClInclude>
    <ClInclude Include="wrmem.h">
      <Filter>Header Files</Filter>
    </ClInclude>
    <ClInclude Include="pt.h">
      <Filter>Header Files</Filter>
    </ClInclude>
    <ClInclude Include="exptable.h">
      <Filter>Header Files</Filter>
    </ClInclude>
  </ItemGroup>
</Project>